// !$*UTF8*$!
{
	archiveVersion = 1;
	classes = {
	};
	objectVersion = 48;
	objects = {

/* Begin PBXBuildFile section */
		22C661122061574C00057A87 /* AppDelegate.swift in Sources */ = {isa = PBXBuildFile; fileRef = 22C661112061574C00057A87 /* AppDelegate.swift */; };
		22C661192061574C00057A87 /* Assets.xcassets in Resources */ = {isa = PBXBuildFile; fileRef = 22C661182061574C00057A87 /* Assets.xcassets */; };
		22C6611C2061574C00057A87 /* LaunchScreen.storyboard in Resources */ = {isa = PBXBuildFile; fileRef = 22C6611A2061574C00057A87 /* LaunchScreen.storyboard */; };
		22C661262061577500057A87 /* Category.swift in Sources */ = {isa = PBXBuildFile; fileRef = 22C661252061577500057A87 /* Category.swift */; };
		22C6612920615C4000057A87 /* TypeCell.swift in Sources */ = {isa = PBXBuildFile; fileRef = 22C6612720615C4000057A87 /* TypeCell.swift */; };
		22C6612A20615C4000057A87 /* TypeCell.xib in Resources */ = {isa = PBXBuildFile; fileRef = 22C6612820615C4000057A87 /* TypeCell.xib */; };
		22C6612C20615E0400057A87 /* GridViewController.swift in Sources */ = {isa = PBXBuildFile; fileRef = 22C6612B20615E0400057A87 /* GridViewController.swift */; };
		22C6612E20616F6500057A87 /* CategoriesStub.swift in Sources */ = {isa = PBXBuildFile; fileRef = 22C6612D20616F6500057A87 /* CategoriesStub.swift */; };
/* End PBXBuildFile section */

/* Begin PBXFileReference section */
		22C6610E2061574C00057A87 /* CollectionViewWithDynamicCells.app */ = {isa = PBXFileReference; explicitFileType = wrapper.application; includeInIndex = 0; path = CollectionViewWithDynamicCells.app; sourceTree = BUILT_PRODUCTS_DIR; };
		22C661112061574C00057A87 /* AppDelegate.swift */ = {isa = PBXFileReference; lastKnownFileType = sourcecode.swift; path = AppDelegate.swift; sourceTree = "<group>"; };
		22C661182061574C00057A87 /* Assets.xcassets */ = {isa = PBXFileReference; lastKnownFileType = folder.assetcatalog; path = Assets.xcassets; sourceTree = "<group>"; };
		22C6611B2061574C00057A87 /* Base */ = {isa = PBXFileReference; lastKnownFileType = file.storyboard; name = Base; path = Base.lproj/LaunchScreen.storyboard; sourceTree = "<group>"; };
		22C6611D2061574C00057A87 /* Info.plist */ = {isa = PBXFileReference; lastKnownFileType = text.plist.xml; path = Info.plist; sourceTree = "<group>"; };
		22C661252061577500057A87 /* Category.swift */ = {isa = PBXFileReference; lastKnownFileType = sourcecode.swift; path = Category.swift; sourceTree = "<group>"; };
		22C6612720615C4000057A87 /* TypeCell.swift */ = {isa = PBXFileReference; lastKnownFileType = sourcecode.swift; path = TypeCell.swift; sourceTree = "<group>"; };
		22C6612820615C4000057A87 /* TypeCell.xib */ = {isa = PBXFileReference; lastKnownFileType = file.xib; path = TypeCell.xib; sourceTree = "<group>"; };
		22C6612B20615E0400057A87 /* GridViewController.swift */ = {isa = PBXFileReference; lastKnownFileType = sourcecode.swift; path = GridViewController.swift; sourceTree = "<group>"; };
		22C6612D20616F6500057A87 /* CategoriesStub.swift */ = {isa = PBXFileReference; lastKnownFileType = sourcecode.swift; path = CategoriesStub.swift; sourceTree = "<group>"; };
/* End PBXFileReference section */

/* Begin PBXFrameworksBuildPhase section */
		22C6610B2061574C00057A87 /* Frameworks */ = {
			isa = PBXFrameworksBuildPhase;
			buildActionMask = 2147483647;
			files = (
			);
			runOnlyForDeploymentPostprocessing = 0;
		};
/* End PBXFrameworksBuildPhase section */

/* Begin PBXGroup section */
		22C661052061574C00057A87 = {
			isa = PBXGroup;
			children = (
				22C661102061574C00057A87 /* CollectionViewWithDynamicCells */,
				22C6610F2061574C00057A87 /* Products */,
			);
			sourceTree = "<group>";
		};
		22C6610F2061574C00057A87 /* Products */ = {
			isa = PBXGroup;
			children = (
				22C6610E2061574C00057A87 /* CollectionViewWithDynamicCells.app */,
			);
			name = Products;
			sourceTree = "<group>";
		};
		22C661102061574C00057A87 /* CollectionViewWithDynamicCells */ = {
			isa = PBXGroup;
			children = (
				22C661242061576200057A87 /* collection */,
				22C661232061575400057A87 /* model */,
				22C661112061574C00057A87 /* AppDelegate.swift */,
				22C661182061574C00057A87 /* Assets.xcassets */,
				22C6611A2061574C00057A87 /* LaunchScreen.storyboard */,
				22C6611D2061574C00057A87 /* Info.plist */,
			);
			path = CollectionViewWithDynamicCells;
			sourceTree = "<group>";
		};
		22C661232061575400057A87 /* model */ = {
			isa = PBXGroup;
			children = (
				22C661252061577500057A87 /* Category.swift */,
				22C6612D20616F6500057A87 /* CategoriesStub.swift */,
			);
			path = model;
			sourceTree = "<group>";
		};
		22C661242061576200057A87 /* collection */ = {
			isa = PBXGroup;
			children = (
				22C6612B20615E0400057A87 /* GridViewController.swift */,
				22C6612720615C4000057A87 /* TypeCell.swift */,
				22C6612820615C4000057A87 /* TypeCell.xib */,
			);
			path = collection;
			sourceTree = "<group>";
		};
/* End PBXGroup section */

/* Begin PBXNativeTarget section */
		22C6610D2061574C00057A87 /* CollectionViewWithDynamicCells */ = {
			isa = PBXNativeTarget;
			buildConfigurationList = 22C661202061574C00057A87 /* Build configuration list for PBXNativeTarget "CollectionViewWithDynamicCells" */;
			buildPhases = (
				22C6610A2061574C00057A87 /* Sources */,
				22C6610B2061574C00057A87 /* Frameworks */,
				22C6610C2061574C00057A87 /* Resources */,
			);
			buildRules = (
			);
			dependencies = (
			);
			name = CollectionViewWithDynamicCells;
			productName = CollectionViewWithDynamicCells;
			productReference = 22C6610E2061574C00057A87 /* CollectionViewWithDynamicCells.app */;
			productType = "com.apple.product-type.application";
		};
/* End PBXNativeTarget section */

/* Begin PBXProject section */
		22C661062061574C00057A87 /* Project object */ = {
			isa = PBXProject;
			attributes = {
				LastSwiftUpdateCheck = 0920;
				LastUpgradeCheck = 0920;
				ORGANIZATIONNAME = ASya;
				TargetAttributes = {
					22C6610D2061574C00057A87 = {
						CreatedOnToolsVersion = 9.2;
						ProvisioningStyle = Automatic;
					};
				};
			};
			buildConfigurationList = 22C661092061574C00057A87 /* Build configuration list for PBXProject "CollectionViewWithDynamicCells" */;
			compatibilityVersion = "Xcode 8.0";
			developmentRegion = en;
			hasScannedForEncodings = 0;
			knownRegions = (
				en,
				Base,
			);
			mainGroup = 22C661052061574C00057A87;
			productRefGroup = 22C6610F2061574C00057A87 /* Products */;
			projectDirPath = "";
			projectRoot = "";
			targets = (
				22C6610D2061574C00057A87 /* CollectionViewWithDynamicCells */,
			);
		};
/* End PBXProject section */

/* Begin PBXResourcesBuildPhase section */
		22C6610C2061574C00057A87 /* Resources */ = {
			isa = PBXResourcesBuildPhase;
			buildActionMask = 2147483647;
			files = (
				22C6611C2061574C00057A87 /* LaunchScreen.storyboard in Resources */,
				22C661192061574C00057A87 /* Assets.xcassets in Resources */,
				22C6612A20615C4000057A87 /* TypeCell.xib in Resources */,
			);
			runOnlyForDeploymentPostprocessing = 0;
		};
/* End PBXResourcesBuildPhase section */

/* Begin PBXSourcesBuildPhase section */
		22C6610A2061574C00057A87 /* Sources */ = {
			isa = PBXSourcesBuildPhase;
			buildActionMask = 2147483647;
			files = (
				22C6612C20615E0400057A87 /* GridViewController.swift in Sources */,
				22C661122061574C00057A87 /* AppDelegate.swift in Sources */,
				22C661262061577500057A87 /* Category.swift in Sources */,
				22C6612920615C4000057A87 /* TypeCell.swift in Sources */,
				22C6612E20616F6500057A87 /* CategoriesStub.swift in Sources */,
			);
			runOnlyForDeploymentPostprocessing = 0;
		};
/* End PBXSourcesBuildPhase section */

/* Begin PBXVariantGroup section */
		22C6611A2061574C00057A87 /* LaunchScreen.storyboard */ = {
			isa = PBXVariantGroup;
			children = (
				22C6611B2061574C00057A87 /* Base */,
			);
			name = LaunchScreen.storyboard;
			sourceTree = "<group>";
		};
/* End PBXVariantGroup section */

/* Begin XCBuildConfiguration section */
		22C6611E2061574C00057A87 /* Debug */ = {
			isa = XCBuildConfiguration;
			buildSettings = {
				ALWAYS_SEARCH_USER_PATHS = NO;
				CLANG_ANALYZER_NONNULL = YES;
				CLANG_ANALYZER_NUMBER_OBJECT_CONVERSION = YES_AGGRESSIVE;
				CLANG_CXX_LANGUAGE_STANDARD = "gnu++14";
				CLANG_CXX_LIBRARY = "libc++";
				CLANG_ENABLE_MODULES = YES;
				CLANG_ENABLE_OBJC_ARC = YES;
				CLANG_WARN_BLOCK_CAPTURE_AUTORELEASING = YES;
				CLANG_WARN_BOOL_CONVERSION = YES;
				CLANG_WARN_COMMA = YES;
				CLANG_WARN_CONSTANT_CONVERSION = YES;
				CLANG_WARN_DIRECT_OBJC_ISA_USAGE = YES_ERROR;
				CLANG_WARN_DOCUMENTATION_COMMENTS = YES;
				CLANG_WARN_EMPTY_BODY = YES;
				CLANG_WARN_ENUM_CONVERSION = YES;
				CLANG_WARN_INFINITE_RECURSION = YES;
				CLANG_WARN_INT_CONVERSION = YES;
				CLANG_WARN_NON_LITERAL_NULL_CONVERSION = YES;
				CLANG_WARN_OBJC_LITERAL_CONVERSION = YES;
				CLANG_WARN_OBJC_ROOT_CLASS = YES_ERROR;
				CLANG_WARN_RANGE_LOOP_ANALYSIS = YES;
				CLANG_WARN_STRICT_PROTOTYPES = YES;
				CLANG_WARN_SUSPICIOUS_MOVE = YES;
				CLANG_WARN_UNGUARDED_AVAILABILITY = YES_AGGRESSIVE;
				CLANG_WARN_UNREACHABLE_CODE = YES;
				CLANG_WARN__DUPLICATE_METHOD_MATCH = YES;
				CODE_SIGN_IDENTITY = "iPhone Developer";
				COPY_PHASE_STRIP = NO;
				DEBUG_INFORMATION_FORMAT = dwarf;
				ENABLE_STRICT_OBJC_MSGSEND = YES;
				ENABLE_TESTABILITY = YES;
				GCC_C_LANGUAGE_STANDARD = gnu11;
				GCC_DYNAMIC_NO_PIC = NO;
				GCC_NO_COMMON_BLOCKS = YES;
				GCC_OPTIMIZATION_LEVEL = 0;
				GCC_PREPROCESSOR_DEFINITIONS = (
					"DEBUG=1",
					"$(inherited)",
				);
				GCC_WARN_64_TO_32_BIT_CONVERSION = YES;
				GCC_WARN_ABOUT_RETURN_TYPE = YES_ERROR;
				GCC_WARN_UNDECLARED_SELECTOR = YES;
				GCC_WARN_UNINITIALIZED_AUTOS = YES_AGGRESSIVE;
				GCC_WARN_UNUSED_FUNCTION = YES;
				GCC_WARN_UNUSED_VARIABLE = YES;
				IPHONEOS_DEPLOYMENT_TARGET = 11.2;
				MTL_ENABLE_DEBUG_INFO = YES;
				ONLY_ACTIVE_ARCH = YES;
				SDKROOT = iphoneos;
				SWIFT_ACTIVE_COMPILATION_CONDITIONS = DEBUG;
				SWIFT_OPTIMIZATION_LEVEL = "-Onone";
			};
			name = Debug;
		};
		22C6611F2061574C00057A87 /* Release */ = {
			isa = XCBuildConfiguration;
			buildSettings = {
				ALWAYS_SEARCH_USER_PATHS = NO;
				CLANG_ANALYZER_NONNULL = YES;
				CLANG_ANALYZER_NUMBER_OBJECT_CONVERSION = YES_AGGRESSIVE;
				CLANG_CXX_LANGUAGE_STANDARD = "gnu++14";
				CLANG_CXX_LIBRARY = "libc++";
				CLANG_ENABLE_MODULES = YES;
				CLANG_ENABLE_OBJC_ARC = YES;
				CLANG_WARN_BLOCK_CAPTURE_AUTORELEASING = YES;
				CLANG_WARN_BOOL_CONVERSION = YES;
				CLANG_WARN_COMMA = YES;
				CLANG_WARN_CONSTANT_CONVERSION = YES;
				CLANG_WARN_DIRECT_OBJC_ISA_USAGE = YES_ERROR;
				CLANG_WARN_DOCUMENTATION_COMMENTS = YES;
				CLANG_WARN_EMPTY_BODY = YES;
				CLANG_WARN_ENUM_CONVERSION = YES;
				CLANG_WARN_INFINITE_RECURSION = YES;
				CLANG_WARN_INT_CONVERSION = YES;
				CLANG_WARN_NON_LITERAL_NULL_CONVERSION = YES;
				CLANG_WARN_OBJC_LITERAL_CONVERSION = YES;
				CLANG_WARN_OBJC_ROOT_CLASS = YES_ERROR;
				CLANG_WARN_RANGE_LOOP_ANALYSIS = YES;
				CLANG_WARN_STRICT_PROTOTYPES = YES;
				CLANG_WARN_SUSPICIOUS_MOVE = YES;
				CLANG_WARN_UNGUARDED_AVAILABILITY = YES_AGGRESSIVE;
				CLANG_WARN_UNREACHABLE_CODE = YES;
				CLANG_WARN__DUPLICATE_METHOD_MATCH = YES;
				CODE_SIGN_IDENTITY = "iPhone Developer";
				COPY_PHASE_STRIP = NO;
				DEBUG_INFORMATION_FORMAT = "dwarf-with-dsym";
				ENABLE_NS_ASSERTIONS = NO;
				ENABLE_STRICT_OBJC_MSGSEND = YES;
				GCC_C_LANGUAGE_STANDARD = gnu11;
				GCC_NO_COMMON_BLOCKS = YES;
				GCC_WARN_64_TO_32_BIT_CONVERSION = YES;
				GCC_WARN_ABOUT_RETURN_TYPE = YES_ERROR;
				GCC_WARN_UNDECLARED_SELECTOR = YES;
				GCC_WARN_UNINITIALIZED_AUTOS = YES_AGGRESSIVE;
				GCC_WARN_UNUSED_FUNCTION = YES;
				GCC_WARN_UNUSED_VARIABLE = YES;
				IPHONEOS_DEPLOYMENT_TARGET = 11.2;
				MTL_ENABLE_DEBUG_INFO = NO;
				SDKROOT = iphoneos;
				SWIFT_OPTIMIZATION_LEVEL = "-Owholemodule";
				VALIDATE_PRODUCT = YES;
			};
			name = Release;
		};
		22C661212061574C00057A87 /* Debug */ = {
			isa = XCBuildConfiguration;
			buildSettings = {
				ASSETCATALOG_COMPILER_APPICON_NAME = AppIcon;
				CODE_SIGN_STYLE = Automatic;
				INFOPLIST_FILE = CollectionViewWithDynamicCells/Info.plist;
				LD_RUNPATH_SEARCH_PATHS = "$(inherited) @executable_path/Frameworks";
				PRODUCT_BUNDLE_IDENTIFIER = com.asya.in.codeland.CollectionViewWithDynamicCells;
				PRODUCT_NAME = "$(TARGET_NAME)";
				SWIFT_VERSION = 4.0;
				TARGETED_DEVICE_FAMILY = "1,2";
			};
			name = Debug;
		};
		22C661222061574C00057A87 /* Release */ = {
			isa = XCBuildConfiguration;
			buildSettings = {
				ASSETCATALOG_COMPILER_APPICON_NAME = AppIcon;
				CODE_SIGN_STYLE = Automatic;
				INFOPLIST_FILE = CollectionViewWithDynamicCells/Info.plist;
				LD_RUNPATH_SEARCH_PATHS = "$(inherited) @executable_path/Frameworks";
				PRODUCT_BUNDLE_IDENTIFIER = com.asya.in.codeland.CollectionViewWithDynamicCells;
				PRODUCT_NAME = "$(TARGET_NAME)";
				SWIFT_VERSION = 4.0;
				TARGETED_DEVICE_FAMILY = "1,2";
			};
			name = Release;
		};
/* End XCBuildConfiguration section */

/* Begin XCConfigurationList section */
		22C661092061574C00057A87 /* Build configuration list for PBXProject "CollectionViewWithDynamicCells" */ = {
			isa = XCConfigurationList;
			buildConfigurations = (
				22C6611E2061574C00057A87 /* Debug */,
				22C6611F2061574C00057A87 /* Release */,
			);
			defaultConfigurationIsVisible = 0;
			defaultConfigurationName = Release;
		};
		22C661202061574C00057A87 /* Build configuration list for PBXNativeTarget "CollectionViewWithDynamicCells" */ = {
			isa = XCConfigurationList;
			buildConfigurations = (
				22C661212061574C00057A87 /* Debug */,
				22C661222061574C00057A87 /* Release */,
			);
			defaultConfigurationIsVisible = 0;
			defaultConfigurationName = Release;
		};
/* End XCConfigurationList section */
	};
	rootObject = 22C661062061574C00057A87 /* Project object */;
}
